// !$*UTF8*$!
{
	archiveVersion = 1;
	classes = {
	};
	objectVersion = 56;
	objects = {

/* Begin PBXBuildFile section */
		9211E2172968526E00BDC50F /* FDJParisSportifsApp.swift in Sources */ = {isa = PBXBuildFile; fileRef = 9211E2162968526E00BDC50F /* FDJParisSportifsApp.swift */; };
		9211E2192968526E00BDC50F /* ContentView.swift in Sources */ = {isa = PBXBuildFile; fileRef = 9211E2182968526E00BDC50F /* ContentView.swift */; };
		9211E21B2968527000BDC50F /* Assets.xcassets in Resources */ = {isa = PBXBuildFile; fileRef = 9211E21A2968527000BDC50F /* Assets.xcassets */; };
		9211E21F2968527000BDC50F /* Preview Assets.xcassets in Resources */ = {isa = PBXBuildFile; fileRef = 9211E21E2968527000BDC50F /* Preview Assets.xcassets */; };
		9211E2292968527000BDC50F /* FDJParisSportifsTests.swift in Sources */ = {isa = PBXBuildFile; fileRef = 9211E2282968527000BDC50F /* FDJParisSportifsTests.swift */; };
		9211E2332968527000BDC50F /* FDJParisSportifsUITests.swift in Sources */ = {isa = PBXBuildFile; fileRef = 9211E2322968527000BDC50F /* FDJParisSportifsUITests.swift */; };
		9211E2352968527000BDC50F /* FDJParisSportifsUITestsLaunchTests.swift in Sources */ = {isa = PBXBuildFile; fileRef = 9211E2342968527000BDC50F /* FDJParisSportifsUITestsLaunchTests.swift */; };
/* End PBXBuildFile section */

/* Begin PBXContainerItemProxy section */
		9211E2252968527000BDC50F /* PBXContainerItemProxy */ = {
			isa = PBXContainerItemProxy;
			containerPortal = 9211E20B2968526E00BDC50F /* Project object */;
			proxyType = 1;
			remoteGlobalIDString = 9211E2122968526E00BDC50F;
			remoteInfo = FDJParisSportifs;
		};
		9211E22F2968527000BDC50F /* PBXContainerItemProxy */ = {
			isa = PBXContainerItemProxy;
			containerPortal = 9211E20B2968526E00BDC50F /* Project object */;
			proxyType = 1;
			remoteGlobalIDString = 9211E2122968526E00BDC50F;
			remoteInfo = FDJParisSportifs;
		};
/* End PBXContainerItemProxy section */

/* Begin PBXFileReference section */
		9211E2132968526E00BDC50F /* FDJParisSportifs.app */ = {isa = PBXFileReference; explicitFileType = wrapper.application; includeInIndex = 0; path = FDJParisSportifs.app; sourceTree = BUILT_PRODUCTS_DIR; };
		9211E2162968526E00BDC50F /* FDJParisSportifsApp.swift */ = {isa = PBXFileReference; lastKnownFileType = sourcecode.swift; path = FDJParisSportifsApp.swift; sourceTree = "<group>"; };
		9211E2182968526E00BDC50F /* ContentView.swift */ = {isa = PBXFileReference; lastKnownFileType = sourcecode.swift; path = ContentView.swift; sourceTree = "<group>"; };
		9211E21A2968527000BDC50F /* Assets.xcassets */ = {isa = PBXFileReference; lastKnownFileType = folder.assetcatalog; path = Assets.xcassets; sourceTree = "<group>"; };
		9211E21C2968527000BDC50F /* FDJParisSportifs.entitlements */ = {isa = PBXFileReference; lastKnownFileType = text.plist.entitlements; path = FDJParisSportifs.entitlements; sourceTree = "<group>"; };
		9211E21E2968527000BDC50F /* Preview Assets.xcassets */ = {isa = PBXFileReference; lastKnownFileType = folder.assetcatalog; path = "Preview Assets.xcassets"; sourceTree = "<group>"; };
		9211E2242968527000BDC50F /* FDJParisSportifsTests.xctest */ = {isa = PBXFileReference; explicitFileType = wrapper.cfbundle; includeInIndex = 0; path = FDJParisSportifsTests.xctest; sourceTree = BUILT_PRODUCTS_DIR; };
		9211E2282968527000BDC50F /* FDJParisSportifsTests.swift */ = {isa = PBXFileReference; lastKnownFileType = sourcecode.swift; path = FDJParisSportifsTests.swift; sourceTree = "<group>"; };
		9211E22E2968527000BDC50F /* FDJParisSportifsUITests.xctest */ = {isa = PBXFileReference; explicitFileType = wrapper.cfbundle; includeInIndex = 0; path = FDJParisSportifsUITests.xctest; sourceTree = BUILT_PRODUCTS_DIR; };
		9211E2322968527000BDC50F /* FDJParisSportifsUITests.swift */ = {isa = PBXFileReference; lastKnownFileType = sourcecode.swift; path = FDJParisSportifsUITests.swift; sourceTree = "<group>"; };
		9211E2342968527000BDC50F /* FDJParisSportifsUITestsLaunchTests.swift */ = {isa = PBXFileReference; lastKnownFileType = sourcecode.swift; path = FDJParisSportifsUITestsLaunchTests.swift; sourceTree = "<group>"; };
/* End PBXFileReference section */

/* Begin PBXFrameworksBuildPhase section */
		9211E2102968526E00BDC50F /* Frameworks */ = {
			isa = PBXFrameworksBuildPhase;
			buildActionMask = 2147483647;
			files = (
			);
			runOnlyForDeploymentPostprocessing = 0;
		};
		9211E2212968527000BDC50F /* Frameworks */ = {
			isa = PBXFrameworksBuildPhase;
			buildActionMask = 2147483647;
			files = (
			);
			runOnlyForDeploymentPostprocessing = 0;
		};
		9211E22B2968527000BDC50F /* Frameworks */ = {
			isa = PBXFrameworksBuildPhase;
			buildActionMask = 2147483647;
			files = (
			);
			runOnlyForDeploymentPostprocessing = 0;
		};
/* End PBXFrameworksBuildPhase section */

/* Begin PBXGroup section */
		9211E20A2968526E00BDC50F = {
			isa = PBXGroup;
			children = (
				9211E2152968526E00BDC50F /* FDJParisSportifs */,
				9211E2272968527000BDC50F /* FDJParisSportifsTests */,
				9211E2312968527000BDC50F /* FDJParisSportifsUITests */,
				9211E2142968526E00BDC50F /* Products */,
			);
			sourceTree = "<group>";
		};
		9211E2142968526E00BDC50F /* Products */ = {
			isa = PBXGroup;
			children = (
				9211E2132968526E00BDC50F /* FDJParisSportifs.app */,
				9211E2242968527000BDC50F /* FDJParisSportifsTests.xctest */,
				9211E22E2968527000BDC50F /* FDJParisSportifsUITests.xctest */,
			);
			name = Products;
			sourceTree = "<group>";
		};
		9211E2152968526E00BDC50F /* FDJParisSportifs */ = {
			isa = PBXGroup;
			children = (
				9211E2162968526E00BDC50F /* FDJParisSportifsApp.swift */,
				9211E2182968526E00BDC50F /* ContentView.swift */,
				9211E21A2968527000BDC50F /* Assets.xcassets */,
				9211E21C2968527000BDC50F /* FDJParisSportifs.entitlements */,
				9211E21D2968527000BDC50F /* Preview Content */,
			);
			path = FDJParisSportifs;
			sourceTree = "<group>";
		};
		9211E21D2968527000BDC50F /* Preview Content */ = {
			isa = PBXGroup;
			children = (
				9211E21E2968527000BDC50F /* Preview Assets.xcassets */,
			);
			path = "Preview Content";
			sourceTree = "<group>";
		};
		9211E2272968527000BDC50F /* FDJParisSportifsTests */ = {
			isa = PBXGroup;
			children = (
				9211E2282968527000BDC50F /* FDJParisSportifsTests.swift */,
			);
			path = FDJParisSportifsTests;
			sourceTree = "<group>";
		};
		9211E2312968527000BDC50F /* FDJParisSportifsUITests */ = {
			isa = PBXGroup;
			children = (
				9211E2322968527000BDC50F /* FDJParisSportifsUITests.swift */,
				9211E2342968527000BDC50F /* FDJParisSportifsUITestsLaunchTests.swift */,
			);
			path = FDJParisSportifsUITests;
			sourceTree = "<group>";
		};
/* End PBXGroup section */

/* Begin PBXNativeTarget section */
		9211E2122968526E00BDC50F /* FDJParisSportifs */ = {
			isa = PBXNativeTarget;
			buildConfigurationList = 9211E2382968527000BDC50F /* Build configuration list for PBXNativeTarget "FDJParisSportifs" */;
			buildPhases = (
				9211E20F2968526E00BDC50F /* Sources */,
				9211E2102968526E00BDC50F /* Frameworks */,
				9211E2112968526E00BDC50F /* Resources */,
			);
			buildRules = (
			);
			dependencies = (
			);
			name = FDJParisSportifs;
			productName = FDJParisSportifs;
			productReference = 9211E2132968526E00BDC50F /* FDJParisSportifs.app */;
			productType = "com.apple.product-type.application";
		};
		9211E2232968527000BDC50F /* FDJParisSportifsTests */ = {
			isa = PBXNativeTarget;
			buildConfigurationList = 9211E23B2968527000BDC50F /* Build configuration list for PBXNativeTarget "FDJParisSportifsTests" */;
			buildPhases = (
				9211E2202968527000BDC50F /* Sources */,
				9211E2212968527000BDC50F /* Frameworks */,
				9211E2222968527000BDC50F /* Resources */,
			);
			buildRules = (
			);
			dependencies = (
				9211E2262968527000BDC50F /* PBXTargetDependency */,
			);
			name = FDJParisSportifsTests;
			productName = FDJParisSportifsTests;
			productReference = 9211E2242968527000BDC50F /* FDJParisSportifsTests.xctest */;
			productType = "com.apple.product-type.bundle.unit-test";
		};
		9211E22D2968527000BDC50F /* FDJParisSportifsUITests */ = {
			isa = PBXNativeTarget;
			buildConfigurationList = 9211E23E2968527000BDC50F /* Build configuration list for PBXNativeTarget "FDJParisSportifsUITests" */;
			buildPhases = (
				9211E22A2968527000BDC50F /* Sources */,
				9211E22B2968527000BDC50F /* Frameworks */,
				9211E22C2968527000BDC50F /* Resources */,
			);
			buildRules = (
			);
			dependencies = (
				9211E2302968527000BDC50F /* PBXTargetDependency */,
			);
			name = FDJParisSportifsUITests;
			productName = FDJParisSportifsUITests;
			productReference = 9211E22E2968527000BDC50F /* FDJParisSportifsUITests.xctest */;
			productType = "com.apple.product-type.bundle.ui-testing";
		};
/* End PBXNativeTarget section */

/* Begin PBXProject section */
		9211E20B2968526E00BDC50F /* Project object */ = {
			isa = PBXProject;
			attributes = {
				BuildIndependentTargetsInParallel = 1;
				LastSwiftUpdateCheck = 1410;
				LastUpgradeCheck = 1410;
				TargetAttributes = {
					9211E2122968526E00BDC50F = {
						CreatedOnToolsVersion = 14.1;
					};
					9211E2232968527000BDC50F = {
						CreatedOnToolsVersion = 14.1;
						TestTargetID = 9211E2122968526E00BDC50F;
					};
					9211E22D2968527000BDC50F = {
						CreatedOnToolsVersion = 14.1;
						TestTargetID = 9211E2122968526E00BDC50F;
					};
				};
			};
			buildConfigurationList = 9211E20E2968526E00BDC50F /* Build configuration list for PBXProject "FDJParisSportifs" */;
			compatibilityVersion = "Xcode 14.0";
			developmentRegion = en;
			hasScannedForEncodings = 0;
			knownRegions = (
				en,
				Base,
			);
			mainGroup = 9211E20A2968526E00BDC50F;
			productRefGroup = 9211E2142968526E00BDC50F /* Products */;
			projectDirPath = "";
			projectRoot = "";
			targets = (
				9211E2122968526E00BDC50F /* FDJParisSportifs */,
				9211E2232968527000BDC50F /* FDJParisSportifsTests */,
				9211E22D2968527000BDC50F /* FDJParisSportifsUITests */,
			);
		};
/* End PBXProject section */

/* Begin PBXResourcesBuildPhase section */
		9211E2112968526E00BDC50F /* Resources */ = {
			isa = PBXResourcesBuildPhase;
			buildActionMask = 2147483647;
			files = (
				9211E21F2968527000BDC50F /* Preview Assets.xcassets in Resources */,
				9211E21B2968527000BDC50F /* Assets.xcassets in Resources */,
			);
			runOnlyForDeploymentPostprocessing = 0;
		};
		9211E2222968527000BDC50F /* Resources */ = {
			isa = PBXResourcesBuildPhase;
			buildActionMask = 2147483647;
			files = (
			);
			runOnlyForDeploymentPostprocessing = 0;
		};
		9211E22C2968527000BDC50F /* Resources */ = {
			isa = PBXResourcesBuildPhase;
			buildActionMask = 2147483647;
			files = (
			);
			runOnlyForDeploymentPostprocessing = 0;
		};
/* End PBXResourcesBuildPhase section */

/* Begin PBXSourcesBuildPhase section */
		9211E20F2968526E00BDC50F /* Sources */ = {
			isa = PBXSourcesBuildPhase;
			buildActionMask = 2147483647;
			files = (
				9211E2192968526E00BDC50F /* ContentView.swift in Sources */,
				9211E2172968526E00BDC50F /* FDJParisSportifsApp.swift in Sources */,
			);
			runOnlyForDeploymentPostprocessing = 0;
		};
		9211E2202968527000BDC50F /* Sources */ = {
			isa = PBXSourcesBuildPhase;
			buildActionMask = 2147483647;
			files = (
				9211E2292968527000BDC50F /* FDJParisSportifsTests.swift in Sources */,
			);
			runOnlyForDeploymentPostprocessing = 0;
		};
		9211E22A2968527000BDC50F /* Sources */ = {
			isa = PBXSourcesBuildPhase;
			buildActionMask = 2147483647;
			files = (
				9211E2332968527000BDC50F /* FDJParisSportifsUITests.swift in Sources */,
				9211E2352968527000BDC50F /* FDJParisSportifsUITestsLaunchTests.swift in Sources */,
			);
			runOnlyForDeploymentPostprocessing = 0;
		};
/* End PBXSourcesBuildPhase section */

/* Begin PBXTargetDependency section */
		9211E2262968527000BDC50F /* PBXTargetDependency */ = {
			isa = PBXTargetDependency;
			target = 9211E2122968526E00BDC50F /* FDJParisSportifs */;
			targetProxy = 9211E2252968527000BDC50F /* PBXContainerItemProxy */;
		};
		9211E2302968527000BDC50F /* PBXTargetDependency */ = {
			isa = PBXTargetDependency;
			target = 9211E2122968526E00BDC50F /* FDJParisSportifs */;
			targetProxy = 9211E22F2968527000BDC50F /* PBXContainerItemProxy */;
		};
/* End PBXTargetDependency section */

/* Begin XCBuildConfiguration section */
		9211E2362968527000BDC50F /* Debug */ = {
			isa = XCBuildConfiguration;
			buildSettings = {
				ALWAYS_SEARCH_USER_PATHS = NO;
				CLANG_ANALYZER_NONNULL = YES;
				CLANG_ANALYZER_NUMBER_OBJECT_CONVERSION = YES_AGGRESSIVE;
				CLANG_CXX_LANGUAGE_STANDARD = "gnu++20";
				CLANG_ENABLE_MODULES = YES;
				CLANG_ENABLE_OBJC_ARC = YES;
				CLANG_ENABLE_OBJC_WEAK = YES;
				CLANG_WARN_BLOCK_CAPTURE_AUTORELEASING = YES;
				CLANG_WARN_BOOL_CONVERSION = YES;
				CLANG_WARN_COMMA = YES;
				CLANG_WARN_CONSTANT_CONVERSION = YES;
				CLANG_WARN_DEPRECATED_OBJC_IMPLEMENTATIONS = YES;
				CLANG_WARN_DIRECT_OBJC_ISA_USAGE = YES_ERROR;
				CLANG_WARN_DOCUMENTATION_COMMENTS = YES;
				CLANG_WARN_EMPTY_BODY = YES;
				CLANG_WARN_ENUM_CONVERSION = YES;
				CLANG_WARN_INFINITE_RECURSION = YES;
				CLANG_WARN_INT_CONVERSION = YES;
				CLANG_WARN_NON_LITERAL_NULL_CONVERSION = YES;
				CLANG_WARN_OBJC_IMPLICIT_RETAIN_SELF = YES;
				CLANG_WARN_OBJC_LITERAL_CONVERSION = YES;
				CLANG_WARN_OBJC_ROOT_CLASS = YES_ERROR;
				CLANG_WARN_QUOTED_INCLUDE_IN_FRAMEWORK_HEADER = YES;
				CLANG_WARN_RANGE_LOOP_ANALYSIS = YES;
				CLANG_WARN_STRICT_PROTOTYPES = YES;
				CLANG_WARN_SUSPICIOUS_MOVE = YES;
				CLANG_WARN_UNGUARDED_AVAILABILITY = YES_AGGRESSIVE;
				CLANG_WARN_UNREACHABLE_CODE = YES;
				CLANG_WARN__DUPLICATE_METHOD_MATCH = YES;
				COPY_PHASE_STRIP = NO;
				DEBUG_INFORMATION_FORMAT = dwarf;
				ENABLE_STRICT_OBJC_MSGSEND = YES;
				ENABLE_TESTABILITY = YES;
				GCC_C_LANGUAGE_STANDARD = gnu11;
				GCC_DYNAMIC_NO_PIC = NO;
				GCC_NO_COMMON_BLOCKS = YES;
				GCC_OPTIMIZATION_LEVEL = 0;
				GCC_PREPROCESSOR_DEFINITIONS = (
					"DEBUG=1",
					"$(inherited)",
				);
				GCC_WARN_64_TO_32_BIT_CONVERSION = YES;
				GCC_WARN_ABOUT_RETURN_TYPE = YES_ERROR;
				GCC_WARN_UNDECLARED_SELECTOR = YES;
				GCC_WARN_UNINITIALIZED_AUTOS = YES_AGGRESSIVE;
				GCC_WARN_UNUSED_FUNCTION = YES;
				GCC_WARN_UNUSED_VARIABLE = YES;
				MTL_ENABLE_DEBUG_INFO = INCLUDE_SOURCE;
				MTL_FAST_MATH = YES;
				ONLY_ACTIVE_ARCH = YES;
				SWIFT_ACTIVE_COMPILATION_CONDITIONS = DEBUG;
				SWIFT_OPTIMIZATION_LEVEL = "-Onone";
			};
			name = Debug;
		};
		9211E2372968527000BDC50F /* Release */ = {
			isa = XCBuildConfiguration;
			buildSettings = {
				ALWAYS_SEARCH_USER_PATHS = NO;
				CLANG_ANALYZER_NONNULL = YES;
				CLANG_ANALYZER_NUMBER_OBJECT_CONVERSION = YES_AGGRESSIVE;
				CLANG_CXX_LANGUAGE_STANDARD = "gnu++20";
				CLANG_ENABLE_MODULES = YES;
				CLANG_ENABLE_OBJC_ARC = YES;
				CLANG_ENABLE_OBJC_WEAK = YES;
				CLANG_WARN_BLOCK_CAPTURE_AUTORELEASING = YES;
				CLANG_WARN_BOOL_CONVERSION = YES;
				CLANG_WARN_COMMA = YES;
				CLANG_WARN_CONSTANT_CONVERSION = YES;
				CLANG_WARN_DEPRECATED_OBJC_IMPLEMENTATIONS = YES;
				CLANG_WARN_DIRECT_OBJC_ISA_USAGE = YES_ERROR;
				CLANG_WARN_DOCUMENTATION_COMMENTS = YES;
				CLANG_WARN_EMPTY_BODY = YES;
				CLANG_WARN_ENUM_CONVERSION = YES;
				CLANG_WARN_INFINITE_RECURSION = YES;
				CLANG_WARN_INT_CONVERSION = YES;
				CLANG_WARN_NON_LITERAL_NULL_CONVERSION = YES;
				CLANG_WARN_OBJC_IMPLICIT_RETAIN_SELF = YES;
				CLANG_WARN_OBJC_LITERAL_CONVERSION = YES;
				CLANG_WARN_OBJC_ROOT_CLASS = YES_ERROR;
				CLANG_WARN_QUOTED_INCLUDE_IN_FRAMEWORK_HEADER = YES;
				CLANG_WARN_RANGE_LOOP_ANALYSIS = YES;
				CLANG_WARN_STRICT_PROTOTYPES = YES;
				CLANG_WARN_SUSPICIOUS_MOVE = YES;
				CLANG_WARN_UNGUARDED_AVAILABILITY = YES_AGGRESSIVE;
				CLANG_WARN_UNREACHABLE_CODE = YES;
				CLANG_WARN__DUPLICATE_METHOD_MATCH = YES;
				COPY_PHASE_STRIP = NO;
				DEBUG_INFORMATION_FORMAT = "dwarf-with-dsym";
				ENABLE_NS_ASSERTIONS = NO;
				ENABLE_STRICT_OBJC_MSGSEND = YES;
				GCC_C_LANGUAGE_STANDARD = gnu11;
				GCC_NO_COMMON_BLOCKS = YES;
				GCC_WARN_64_TO_32_BIT_CONVERSION = YES;
				GCC_WARN_ABOUT_RETURN_TYPE = YES_ERROR;
				GCC_WARN_UNDECLARED_SELECTOR = YES;
				GCC_WARN_UNINITIALIZED_AUTOS = YES_AGGRESSIVE;
				GCC_WARN_UNUSED_FUNCTION = YES;
				GCC_WARN_UNUSED_VARIABLE = YES;
				MTL_ENABLE_DEBUG_INFO = NO;
				MTL_FAST_MATH = YES;
				SWIFT_COMPILATION_MODE = wholemodule;
				SWIFT_OPTIMIZATION_LEVEL = "-O";
			};
			name = Release;
		};
		9211E2392968527000BDC50F /* Debug */ = {
			isa = XCBuildConfiguration;
			buildSettings = {
				ASSETCATALOG_COMPILER_APPICON_NAME = AppIcon;
				ASSETCATALOG_COMPILER_GLOBAL_ACCENT_COLOR_NAME = AccentColor;
				CODE_SIGN_ENTITLEMENTS = FDJParisSportifs/FDJParisSportifs.entitlements;
				CODE_SIGN_STYLE = Automatic;
				CURRENT_PROJECT_VERSION = 1;
				DEVELOPMENT_ASSET_PATHS = "\"FDJParisSportifs/Preview Content\"";
				DEVELOPMENT_TEAM = VM38HWZRWF;
				ENABLE_HARDENED_RUNTIME = YES;
				ENABLE_PREVIEWS = YES;
				GENERATE_INFOPLIST_FILE = YES;
				"INFOPLIST_KEY_UIApplicationSceneManifest_Generation[sdk=iphoneos*]" = YES;
				"INFOPLIST_KEY_UIApplicationSceneManifest_Generation[sdk=iphonesimulator*]" = YES;
				"INFOPLIST_KEY_UIApplicationSupportsIndirectInputEvents[sdk=iphoneos*]" = YES;
				"INFOPLIST_KEY_UIApplicationSupportsIndirectInputEvents[sdk=iphonesimulator*]" = YES;
				"INFOPLIST_KEY_UILaunchScreen_Generation[sdk=iphoneos*]" = YES;
				"INFOPLIST_KEY_UILaunchScreen_Generation[sdk=iphonesimulator*]" = YES;
				"INFOPLIST_KEY_UIStatusBarStyle[sdk=iphoneos*]" = UIStatusBarStyleDefault;
				"INFOPLIST_KEY_UIStatusBarStyle[sdk=iphonesimulator*]" = UIStatusBarStyleDefault;
				INFOPLIST_KEY_UISupportedInterfaceOrientations_iPad = "UIInterfaceOrientationPortrait UIInterfaceOrientationPortraitUpsideDown UIInterfaceOrientationLandscapeLeft UIInterfaceOrientationLandscapeRight";
				INFOPLIST_KEY_UISupportedInterfaceOrientations_iPhone = "UIInterfaceOrientationPortrait UIInterfaceOrientationLandscapeLeft UIInterfaceOrientationLandscapeRight";
				IPHONEOS_DEPLOYMENT_TARGET = 16.1;
				LD_RUNPATH_SEARCH_PATHS = "@executable_path/Frameworks";
				"LD_RUNPATH_SEARCH_PATHS[sdk=macosx*]" = "@executable_path/../Frameworks";
				MACOSX_DEPLOYMENT_TARGET = 13.0;
				MARKETING_VERSION = 1.0;
				PRODUCT_BUNDLE_IDENTIFIER = com.cedriksaraiva.FDJParisSportifs;
				PRODUCT_NAME = "$(TARGET_NAME)";
				SDKROOT = auto;
				SUPPORTED_PLATFORMS = "iphoneos iphonesimulator macosx";
				SWIFT_EMIT_LOC_STRINGS = YES;
				SWIFT_VERSION = 5.0;
				TARGETED_DEVICE_FAMILY = "1,2";
			};
			name = Debug;
		};
		9211E23A2968527000BDC50F /* Release */ = {
			isa = XCBuildConfiguration;
			buildSettings = {
				ASSETCATALOG_COMPILER_APPICON_NAME = AppIcon;
				ASSETCATALOG_COMPILER_GLOBAL_ACCENT_COLOR_NAME = AccentColor;
				CODE_SIGN_ENTITLEMENTS = FDJParisSportifs/FDJParisSportifs.entitlements;
				CODE_SIGN_STYLE = Automatic;
				CURRENT_PROJECT_VERSION = 1;
				DEVELOPMENT_ASSET_PATHS = "\"FDJParisSportifs/Preview Content\"";
				DEVELOPMENT_TEAM = VM38HWZRWF;
				ENABLE_HARDENED_RUNTIME = YES;
				ENABLE_PREVIEWS = YES;
				GENERATE_INFOPLIST_FILE = YES;
				"INFOPLIST_KEY_UIApplicationSceneManifest_Generation[sdk=iphoneos*]" = YES;
				"INFOPLIST_KEY_UIApplicationSceneManifest_Generation[sdk=iphonesimulator*]" = YES;
				"INFOPLIST_KEY_UIApplicationSupportsIndirectInputEvents[sdk=iphoneos*]" = YES;
				"INFOPLIST_KEY_UIApplicationSupportsIndirectInputEvents[sdk=iphonesimulator*]" = YES;
				"INFOPLIST_KEY_UILaunchScreen_Generation[sdk=iphoneos*]" = YES;
				"INFOPLIST_KEY_UILaunchScreen_Generation[sdk=iphonesimulator*]" = YES;
				"INFOPLIST_KEY_UIStatusBarStyle[sdk=iphoneos*]" = UIStatusBarStyleDefault;
				"INFOPLIST_KEY_UIStatusBarStyle[sdk=iphonesimulator*]" = UIStatusBarStyleDefault;
				INFOPLIST_KEY_UISupportedInterfaceOrientations_iPad = "UIInterfaceOrientationPortrait UIInterfaceOrientationPortraitUpsideDown UIInterfaceOrientationLandscapeLeft UIInterfaceOrientationLandscapeRight";
				INFOPLIST_KEY_UISupportedInterfaceOrientations_iPhone = "UIInterfaceOrientationPortrait UIInterfaceOrientationLandscapeLeft UIInterfaceOrientationLandscapeRight";
				IPHONEOS_DEPLOYMENT_TARGET = 16.1;
				LD_RUNPATH_SEARCH_PATHS = "@executable_path/Frameworks";
				"LD_RUNPATH_SEARCH_PATHS[sdk=macosx*]" = "@executable_path/../Frameworks";
				MACOSX_DEPLOYMENT_TARGET = 13.0;
				MARKETING_VERSION = 1.0;
				PRODUCT_BUNDLE_IDENTIFIER = com.cedriksaraiva.FDJParisSportifs;
				PRODUCT_NAME = "$(TARGET_NAME)";
				SDKROOT = auto;
				SUPPORTED_PLATFORMS = "iphoneos iphonesimulator macosx";
				SWIFT_EMIT_LOC_STRINGS = YES;
				SWIFT_VERSION = 5.0;
				TARGETED_DEVICE_FAMILY = "1,2";
			};
			name = Release;
		};
		9211E23C2968527000BDC50F /* Debug */ = {
			isa = XCBuildConfiguration;
			buildSettings = {
				ALWAYS_EMBED_SWIFT_STANDARD_LIBRARIES = YES;
				BUNDLE_LOADER = "$(TEST_HOST)";
				CODE_SIGN_STYLE = Automatic;
				CURRENT_PROJECT_VERSION = 1;
				DEVELOPMENT_TEAM = VM38HWZRWF;
				GENERATE_INFOPLIST_FILE = YES;
				IPHONEOS_DEPLOYMENT_TARGET = 16.1;
				MACOSX_DEPLOYMENT_TARGET = 13.0;
				MARKETING_VERSION = 1.0;
				PRODUCT_BUNDLE_IDENTIFIER = com.cedriksaraiva.FDJParisSportifsTests;
				PRODUCT_NAME = "$(TARGET_NAME)";
				SDKROOT = auto;
				SUPPORTED_PLATFORMS = "iphoneos iphonesimulator macosx";
				SWIFT_EMIT_LOC_STRINGS = NO;
				SWIFT_VERSION = 5.0;
				TARGETED_DEVICE_FAMILY = "1,2";
				TEST_HOST = "$(BUILT_PRODUCTS_DIR)/FDJParisSportifs.app/$(BUNDLE_EXECUTABLE_FOLDER_PATH)/FDJParisSportifs";
			};
			name = Debug;
		};
		9211E23D2968527000BDC50F /* Release */ = {
			isa = XCBuildConfiguration;
			buildSettings = {
				ALWAYS_EMBED_SWIFT_STANDARD_LIBRARIES = YES;
				BUNDLE_LOADER = "$(TEST_HOST)";
				CODE_SIGN_STYLE = Automatic;
				CURRENT_PROJECT_VERSION = 1;
				DEVELOPMENT_TEAM = VM38HWZRWF;
				GENERATE_INFOPLIST_FILE = YES;
				IPHONEOS_DEPLOYMENT_TARGET = 16.1;
				MACOSX_DEPLOYMENT_TARGET = 13.0;
				MARKETING_VERSION = 1.0;
				PRODUCT_BUNDLE_IDENTIFIER = com.cedriksaraiva.FDJParisSportifsTests;
				PRODUCT_NAME = "$(TARGET_NAME)";
				SDKROOT = auto;
				SUPPORTED_PLATFORMS = "iphoneos iphonesimulator macosx";
				SWIFT_EMIT_LOC_STRINGS = NO;
				SWIFT_VERSION = 5.0;
				TARGETED_DEVICE_FAMILY = "1,2";
				TEST_HOST = "$(BUILT_PRODUCTS_DIR)/FDJParisSportifs.app/$(BUNDLE_EXECUTABLE_FOLDER_PATH)/FDJParisSportifs";
			};
			name = Release;
		};
		9211E23F2968527000BDC50F /* Debug */ = {
			isa = XCBuildConfiguration;
			buildSettings = {
				ALWAYS_EMBED_SWIFT_STANDARD_LIBRARIES = YES;
				CODE_SIGN_STYLE = Automatic;
				CURRENT_PROJECT_VERSION = 1;
				DEVELOPMENT_TEAM = VM38HWZRWF;
				GENERATE_INFOPLIST_FILE = YES;
				IPHONEOS_DEPLOYMENT_TARGET = 16.1;
				MACOSX_DEPLOYMENT_TARGET = 13.0;
				MARKETING_VERSION = 1.0;
				PRODUCT_BUNDLE_IDENTIFIER = com.cedriksaraiva.FDJParisSportifsUITests;
				PRODUCT_NAME = "$(TARGET_NAME)";
				SDKROOT = auto;
				SUPPORTED_PLATFORMS = "iphoneos iphonesimulator macosx";
				SWIFT_EMIT_LOC_STRINGS = NO;
				SWIFT_VERSION = 5.0;
				TARGETED_DEVICE_FAMILY = "1,2";
				TEST_TARGET_NAME = FDJParisSportifs;
			};
			name = Debug;
		};
		9211E2402968527000BDC50F /* Release */ = {
			isa = XCBuildConfiguration;
			buildSettings = {
				ALWAYS_EMBED_SWIFT_STANDARD_LIBRARIES = YES;
				CODE_SIGN_STYLE = Automatic;
				CURRENT_PROJECT_VERSION = 1;
				DEVELOPMENT_TEAM = VM38HWZRWF;
				GENERATE_INFOPLIST_FILE = YES;
				IPHONEOS_DEPLOYMENT_TARGET = 16.1;
				MACOSX_DEPLOYMENT_TARGET = 13.0;
				MARKETING_VERSION = 1.0;
				PRODUCT_BUNDLE_IDENTIFIER = com.cedriksaraiva.FDJParisSportifsUITests;
				PRODUCT_NAME = "$(TARGET_NAME)";
				SDKROOT = auto;
				SUPPORTED_PLATFORMS = "iphoneos iphonesimulator macosx";
				SWIFT_EMIT_LOC_STRINGS = NO;
				SWIFT_VERSION = 5.0;
				TARGETED_DEVICE_FAMILY = "1,2";
				TEST_TARGET_NAME = FDJParisSportifs;
			};
			name = Release;
		};
/* End XCBuildConfiguration section */

/* Begin XCConfigurationList section */
		9211E20E2968526E00BDC50F /* Build configuration list for PBXProject "FDJParisSportifs" */ = {
			isa = XCConfigurationList;
			buildConfigurations = (
				9211E2362968527000BDC50F /* Debug */,
				9211E2372968527000BDC50F /* Release */,
			);
			defaultConfigurationIsVisible = 0;
			defaultConfigurationName = Release;
		};
		9211E2382968527000BDC50F /* Build configuration list for PBXNativeTarget "FDJParisSportifs" */ = {
			isa = XCConfigurationList;
			buildConfigurations = (
				9211E2392968527000BDC50F /* Debug */,
				9211E23A2968527000BDC50F /* Release */,
			);
			defaultConfigurationIsVisible = 0;
			defaultConfigurationName = Release;
		};
		9211E23B2968527000BDC50F /* Build configuration list for PBXNativeTarget "FDJParisSportifsTests" */ = {
			isa = XCConfigurationList;
			buildConfigurations = (
				9211E23C2968527000BDC50F /* Debug */,
				9211E23D2968527000BDC50F /* Release */,
			);
			defaultConfigurationIsVisible = 0;
			defaultConfigurationName = Release;
		};
		9211E23E2968527000BDC50F /* Build configuration list for PBXNativeTarget "FDJParisSportifsUITests" */ = {
			isa = XCConfigurationList;
			buildConfigurations = (
				9211E23F2968527000BDC50F /* Debug */,
				9211E2402968527000BDC50F /* Release */,
			);
			defaultConfigurationIsVisible = 0;
			defaultConfigurationName = Release;
		};
/* End XCConfigurationList section */
	};
	rootObject = 9211E20B2968526E00BDC50F /* Project object */;
}
